{
  "name": "cycles",
  "lockfileVersion": 2,
  "requires": true,
  "packages": {
    "": {
      "dependencies": {
        "@rnbo/js": "^1.1.2"
      }
    },
    "node_modules/@rnbo/js": {
      "version": "1.1.2",
      "resolved": "https://registry.npmjs.org/@rnbo/js/-/js-1.1.2.tgz",
      "integrity": "sha512-rMh9CA1CRkrTArXRoImVDvaA+s3tAddu47uFv4iHRnaNpBkB4F5ufJxTf/qSMvXZ6ropG9gra8w3raQ3o5Bc5A=="
    }
  },
  "dependencies": {
    "@rnbo/js": {
      "version": "1.1.2",
      "resolved": "https://registry.npmjs.org/@rnbo/js/-/js-1.1.2.tgz",
      "integrity": "sha512-rMh9CA1CRkrTArXRoImVDvaA+s3tAddu47uFv4iHRnaNpBkB4F5ufJxTf/qSMvXZ6ropG9gra8w3raQ3o5Bc5A=="
    }
  }
}
